
Microsoft Visual Studio Solution File, Format Version 12.00
# Visual Studio Version 17
VisualStudioVersion = 17.13.35931.197 d17.13
MinimumVisualStudioVersion = 10.0.40219.1
Project("{FAE04EC0-301F-11D3-BF4B-00C04F79EFBC}") = "MasterProcess", "MasterProcess\MasterProcess.csproj", "{74EB379A-2278-495F-AC3A-13F6BDD3EA23}"
EndProject
Global
	GlobalSection(SolutionConfigurationPlatforms) = preSolution
		Debug|Any CPU = Debug|Any CPU
		Release|Any CPU = Release|Any CPU
	EndGlobalSection
	GlobalSection(ProjectConfigurationPlatforms) = postSolution
		{74EB379A-2278-495F-AC3A-13F6BDD3EA23}.Debug|Any CPU.ActiveCfg = Debug|Any CPU
		{74EB379A-2278-495F-AC3A-13F6BDD3EA23}.Debug|Any CPU.Build.0 = Debug|Any CPU
		{74EB379A-2278-495F-AC3A-13F6BDD3EA23}.Release|Any CPU.ActiveCfg = Release|Any CPU
		{74EB379A-2278-495F-AC3A-13F6BDD3EA23}.Release|Any CPU.Build.0 = Release|Any CPU
	EndGlobalSection
	GlobalSection(SolutionProperties) = preSolution
		HideSolutionNode = FALSE
	EndGlobalSection
	GlobalSection(ExtensibilityGlobals) = postSolution
		SolutionGuid = {7B54BB81-5DCA-4326-8574-4769DAC272DD}
	EndGlobalSection
EndGlobal
