
Microsoft Visual Studio Solution File, Format Version 12.00
# Visual Studio Version 17
VisualStudioVersion = 17.13.35931.197 d17.13
MinimumVisualStudioVersion = 10.0.40219.1
Project("{FAE04EC0-301F-11D3-BF4B-00C04F79EFBC}") = "Scanner1", "Scanner1\Scanner1.csproj", "{74C0E671-7236-4742-8C5C-B05B61CFA17D}"
EndProject
Global
	GlobalSection(SolutionConfigurationPlatforms) = preSolution
		Debug|Any CPU = Debug|Any CPU
		Release|Any CPU = Release|Any CPU
	EndGlobalSection
	GlobalSection(ProjectConfigurationPlatforms) = postSolution
		{74C0E671-7236-4742-8C5C-B05B61CFA17D}.Debug|Any CPU.ActiveCfg = Debug|Any CPU
		{74C0E671-7236-4742-8C5C-B05B61CFA17D}.Debug|Any CPU.Build.0 = Debug|Any CPU
		{74C0E671-7236-4742-8C5C-B05B61CFA17D}.Release|Any CPU.ActiveCfg = Release|Any CPU
		{74C0E671-7236-4742-8C5C-B05B61CFA17D}.Release|Any CPU.Build.0 = Release|Any CPU
	EndGlobalSection
	GlobalSection(SolutionProperties) = preSolution
		HideSolutionNode = FALSE
	EndGlobalSection
	GlobalSection(ExtensibilityGlobals) = postSolution
		SolutionGuid = {D6136169-1450-4D8B-AB19-7ED58B34134F}
	EndGlobalSection
EndGlobal
